// !$*UTF8*$!
{
	archiveVersion = 1;
	classes = {
	};
	objectVersion = 46;
	objects = {

/* Begin PBXBuildFile section */
		814820431AE880C400DB3FD6 /* marsmap.png in Resources */ = {isa = PBXBuildFile; fileRef = 814820411AE880C400DB3FD6 /* marsmap.png */; };
		81658C291ADFFE03007880C6 /* Default-568h@2x.png in Resources */ = {isa = PBXBuildFile; fileRef = 81658C281ADFFE03007880C6 /* Default-568h@2x.png */; };
		81658C4C1AE0003D007880C6 /* MKAnnotationView+WebCache.m in Sources */ = {isa = PBXBuildFile; fileRef = 81658C2C1AE0003D007880C6 /* MKAnnotationView+WebCache.m */; };
		81658C4D1AE0003D007880C6 /* NSData+ImageContentType.m in Sources */ = {isa = PBXBuildFile; fileRef = 81658C2E1AE0003D007880C6 /* NSData+ImageContentType.m */; };
		81658C4E1AE0003D007880C6 /* SDImageCache.m in Sources */ = {isa = PBXBuildFile; fileRef = 81658C301AE0003D007880C6 /* SDImageCache.m */; };
		81658C4F1AE0003D007880C6 /* SDWebImageCompat.m in Sources */ = {isa = PBXBuildFile; fileRef = 81658C321AE0003D007880C6 /* SDWebImageCompat.m */; };
		81658C501AE0003D007880C6 /* SDWebImageDecoder.m in Sources */ = {isa = PBXBuildFile; fileRef = 81658C341AE0003D007880C6 /* SDWebImageDecoder.m */; };
		81658C511AE0003D007880C6 /* SDWebImageDownloader.m in Sources */ = {isa = PBXBuildFile; fileRef = 81658C361AE0003D007880C6 /* SDWebImageDownloader.m */; };
		81658C521AE0003D007880C6 /* SDWebImageDownloaderOperation.m in Sources */ = {isa = PBXBuildFile; fileRef = 81658C381AE0003D007880C6 /* SDWebImageDownloaderOperation.m */; };
		81658C531AE0003D007880C6 /* SDWebImageManager.m in Sources */ = {isa = PBXBuildFile; fileRef = 81658C3A1AE0003D007880C6 /* SDWebImageManager.m */; };
		81658C541AE0003D007880C6 /* SDWebImagePrefetcher.m in Sources */ = {isa = PBXBuildFile; fileRef = 81658C3D1AE0003D007880C6 /* SDWebImagePrefetcher.m */; };
		81658C551AE0003D007880C6 /* UIButton+WebCache.m in Sources */ = {isa = PBXBuildFile; fileRef = 81658C3F1AE0003D007880C6 /* UIButton+WebCache.m */; };
		81658C561AE0003D007880C6 /* UIImage+GIF.m in Sources */ = {isa = PBXBuildFile; fileRef = 81658C411AE0003D007880C6 /* UIImage+GIF.m */; };
		81658C571AE0003D007880C6 /* UIImage+MultiFormat.m in Sources */ = {isa = PBXBuildFile; fileRef = 81658C431AE0003D007880C6 /* UIImage+MultiFormat.m */; };
		81658C581AE0003D007880C6 /* UIImage+WebP.m in Sources */ = {isa = PBXBuildFile; fileRef = 81658C451AE0003D007880C6 /* UIImage+WebP.m */; };
		81658C591AE0003D007880C6 /* UIImageView+HighlightedWebCache.m in Sources */ = {isa = PBXBuildFile; fileRef = 81658C471AE0003D007880C6 /* UIImageView+HighlightedWebCache.m */; };
		81658C5A1AE0003D007880C6 /* UIImageView+WebCache.m in Sources */ = {isa = PBXBuildFile; fileRef = 81658C491AE0003D007880C6 /* UIImageView+WebCache.m */; };
		81658C5B1AE0003D007880C6 /* UIView+WebCacheOperation.m in Sources */ = {isa = PBXBuildFile; fileRef = 81658C4B1AE0003D007880C6 /* UIView+WebCacheOperation.m */; };
		8197E1C61AF1929D0094D682 /* back.png in Resources */ = {isa = PBXBuildFile; fileRef = 8197E1C41AF1929D0094D682 /* back.png */; };
		8197E1C71AF1929D0094D682 /* next.png in Resources */ = {isa = PBXBuildFile; fileRef = 8197E1C51AF1929D0094D682 /* next.png */; };
		81A8F07B1AE46E52003AB859 /* ARView.m in Sources */ = {isa = PBXBuildFile; fileRef = 81A8F0761AE46E52003AB859 /* ARView.m */; settings = {COMPILER_FLAGS = "-fno-objc-arc"; }; };
		81A8F07C1AE46E52003AB859 /* PlaceOfInterest.m in Sources */ = {isa = PBXBuildFile; fileRef = 81A8F0781AE46E52003AB859 /* PlaceOfInterest.m */; settings = {COMPILER_FLAGS = "-fno-objc-arc"; }; };
		81A8F07D1AE46E52003AB859 /* pARkViewController.m in Sources */ = {isa = PBXBuildFile; fileRef = 81A8F07A1AE46E52003AB859 /* pARkViewController.m */; settings = {COMPILER_FLAGS = "-fno-objc-arc"; }; };
		81C2D7811AD911EE00FA1598 /* uranusmap.png in Resources */ = {isa = PBXBuildFile; fileRef = 81C2D7801AD911EE00FA1598 /* uranusmap.png */; };
		81C2D7871AD9194600FA1598 /* moonmap.png in Resources */ = {isa = PBXBuildFile; fileRef = 81C2D7861AD9194600FA1598 /* moonmap.png */; };
		81C2D78D1AD91CF100FA1598 /* mercuremap.png in Resources */ = {isa = PBXBuildFile; fileRef = 81C2D7881AD91CF100FA1598 /* mercuremap.png */; };
		81C2D78E1AD91CF100FA1598 /* venusmap.png in Resources */ = {isa = PBXBuildFile; fileRef = 81C2D7891AD91CF100FA1598 /* venusmap.png */; };
		81C2D78F1AD91CF100FA1598 /* soleilmap.png in Resources */ = {isa = PBXBuildFile; fileRef = 81C2D78A1AD91CF100FA1598 /* soleilmap.png */; };
		81C2D7901AD91CF100FA1598 /* saturnmap.png in Resources */ = {isa = PBXBuildFile; fileRef = 81C2D78B1AD91CF100FA1598 /* saturnmap.png */; };
		81C2D7911AD91CF100FA1598 /* neptunemap.png in Resources */ = {isa = PBXBuildFile; fileRef = 81C2D78C1AD91CF100FA1598 /* neptunemap.png */; };
		81C2D7931AD9210500FA1598 /* jupitermap.png in Resources */ = {isa = PBXBuildFile; fileRef = 81C2D7921AD9210500FA1598 /* jupitermap.png */; };
		81C2D7951AD9230F00FA1598 /* plutonmap.png in Resources */ = {isa = PBXBuildFile; fileRef = 81C2D7941AD9230F00FA1598 /* plutonmap.png */; };
		81C2D7981AD9348600FA1598 /* TableHeaderView.m in Sources */ = {isa = PBXBuildFile; fileRef = 81C2D7971AD9348600FA1598 /* TableHeaderView.m */; };
		81C2D79F1AD93A8900FA1598 /* earthmap.png in Resources */ = {isa = PBXBuildFile; fileRef = 81C2D79D1AD93A8900FA1598 /* earthmap.png */; };
		81C752C31AEFDAB40089834D /* jupiter.png in Resources */ = {isa = PBXBuildFile; fileRef = 81C752C21AEFDAB40089834D /* jupiter.png */; };
		81E265381B01806C005E790B /* terremap.png in Resources */ = {isa = PBXBuildFile; fileRef = 81E265371B01806C005E790B /* terremap.png */; };
		81E500221AD7E4DA003E91B6 /* AboutViewController.m in Sources */ = {isa = PBXBuildFile; fileRef = 81E5000C1AD7E4DA003E91B6 /* AboutViewController.m */; };
		81E500231AD7E4DA003E91B6 /* libxml2.dylib in Frameworks */ = {isa = PBXBuildFile; fileRef = 81E5000D1AD7E4DA003E91B6 /* libxml2.dylib */; };
		81E500241AD7E4DA003E91B6 /* Background.jpg in Resources */ = {isa = PBXBuildFile; fileRef = 81E5000E1AD7E4DA003E91B6 /* Background.jpg */; };
		81E500261AD7E4DA003E91B6 /* lune.png in Resources */ = {isa = PBXBuildFile; fileRef = 81E500101AD7E4DA003E91B6 /* lune.png */; };
		81E500271AD7E4DA003E91B6 /* mars.png in Resources */ = {isa = PBXBuildFile; fileRef = 81E500111AD7E4DA003E91B6 /* mars.png */; };
		81E500281AD7E4DA003E91B6 /* logoesprit.png in Resources */ = {isa = PBXBuildFile; fileRef = 81E500121AD7E4DA003E91B6 /* logoesprit.png */; };
		81E500291AD7E4DA003E91B6 /* mercure.png in Resources */ = {isa = PBXBuildFile; fileRef = 81E500131AD7E4DA003E91B6 /* mercure.png */; };
		81E5002A1AD7E4DA003E91B6 /* neptune.png in Resources */ = {isa = PBXBuildFile; fileRef = 81E500141AD7E4DA003E91B6 /* neptune.png */; };
		81E5002B1AD7E4DA003E91B6 /* lightning23.png in Resources */ = {isa = PBXBuildFile; fileRef = 81E500151AD7E4DA003E91B6 /* lightning23.png */; };
		81E5002C1AD7E4DA003E91B6 /* pluton.png in Resources */ = {isa = PBXBuildFile; fileRef = 81E500161AD7E4DA003E91B6 /* pluton.png */; };
		81E5002D1AD7E4DA003E91B6 /* saturne.png in Resources */ = {isa = PBXBuildFile; fileRef = 81E500171AD7E4DA003E91B6 /* saturne.png */; };
		81E5002E1AD7E4DA003E91B6 /* soleil.png in Resources */ = {isa = PBXBuildFile; fileRef = 81E500181AD7E4DA003E91B6 /* soleil.png */; };
		81E5002F1AD7E4DA003E91B6 /* uranus.png in Resources */ = {isa = PBXBuildFile; fileRef = 81E500191AD7E4DA003E91B6 /* uranus.png */; };
		81E500301AD7E4DA003E91B6 /* venus.png in Resources */ = {isa = PBXBuildFile; fileRef = 81E5001A1AD7E4DA003E91B6 /* venus.png */; };
		81E500311AD7E4DA003E91B6 /* globe.png in Resources */ = {isa = PBXBuildFile; fileRef = 81E5001B1AD7E4DA003E91B6 /* globe.png */; };
		81E500321AD7E4DA003E91B6 /* AppDelegate.m in Sources */ = {isa = PBXBuildFile; fileRef = 81E5001D1AD7E4DA003E91B6 /* AppDelegate.m */; };
		81E500331AD7E4DA003E91B6 /* Main.storyboard in Resources */ = {isa = PBXBuildFile; fileRef = 81E5001E1AD7E4DA003E91B6 /* Main.storyboard */; };
		81E500341AD7E4DA003E91B6 /* ViewController.m in Sources */ = {isa = PBXBuildFile; fileRef = 81E500201AD7E4DA003E91B6 /* ViewController.m */; };
		81E500381AD7E5EB003E91B6 /* libiconv.2.dylib in Frameworks */ = {isa = PBXBuildFile; fileRef = 81E500371AD7E5EB003E91B6 /* libiconv.2.dylib */; };
		81E500441AD88BCC003E91B6 /* AudioToolbox.framework in Frameworks */ = {isa = PBXBuildFile; fileRef = 81E500391AD88BCC003E91B6 /* AudioToolbox.framework */; };
		81E500451AD88BCC003E91B6 /* AVFoundation.framework in Frameworks */ = {isa = PBXBuildFile; fileRef = 81E5003A1AD88BCC003E91B6 /* AVFoundation.framework */; };
		81E500461AD88BCC003E91B6 /* CFNetwork.framework in Frameworks */ = {isa = PBXBuildFile; fileRef = 81E5003B1AD88BCC003E91B6 /* CFNetwork.framework */; };
		81E500471AD88BCC003E91B6 /* CoreGraphics.framework in Frameworks */ = {isa = PBXBuildFile; fileRef = 81E5003C1AD88BCC003E91B6 /* CoreGraphics.framework */; };
		81E500481AD88BCC003E91B6 /* CoreLocation.framework in Frameworks */ = {isa = PBXBuildFile; fileRef = 81E5003D1AD88BCC003E91B6 /* CoreLocation.framework */; };
		81E500491AD88BCC003E91B6 /* CoreMedia.framework in Frameworks */ = {isa = PBXBuildFile; fileRef = 81E5003E1AD88BCC003E91B6 /* CoreMedia.framework */; };
		81E5004A1AD88BCC003E91B6 /* CoreMotion.framework in Frameworks */ = {isa = PBXBuildFile; fileRef = 81E5003F1AD88BCC003E91B6 /* CoreMotion.framework */; };
		81E5004B1AD88BCC003E91B6 /* CoreVideo.framework in Frameworks */ = {isa = PBXBuildFile; fileRef = 81E500401AD88BCC003E91B6 /* CoreVideo.framework */; };
		81E5004C1AD88BCC003E91B6 /* Foundation.framework in Frameworks */ = {isa = PBXBuildFile; fileRef = 81E500411AD88BCC003E91B6 /* Foundation.framework */; };
		81E5004D1AD88BCC003E91B6 /* GameKit.framework in Frameworks */ = {isa = PBXBuildFile; fileRef = 81E500421AD88BCC003E91B6 /* GameKit.framework */; };
		81E5004E1AD88BCC003E91B6 /* iAd.framework in Frameworks */ = {isa = PBXBuildFile; fileRef = 81E500431AD88BCC003E91B6 /* iAd.framework */; };
		81E500501AD88BD9003E91B6 /* MediaPlayer.framework in Frameworks */ = {isa = PBXBuildFile; fileRef = 81E5004F1AD88BD9003E91B6 /* MediaPlayer.framework */; };
		81E500531AD88BE3003E91B6 /* OpenAL.framework in Frameworks */ = {isa = PBXBuildFile; fileRef = 81E500511AD88BE3003E91B6 /* OpenAL.framework */; };
		81E500541AD88BE3003E91B6 /* OpenGLES.framework in Frameworks */ = {isa = PBXBuildFile; fileRef = 81E500521AD88BE3003E91B6 /* OpenGLES.framework */; };
		81E500561AD88BF1003E91B6 /* QuartzCore.framework in Frameworks */ = {isa = PBXBuildFile; fileRef = 81E500551AD88BF1003E91B6 /* QuartzCore.framework */; };
		81E500581AD88BFF003E91B6 /* SystemConfiguration.framework in Frameworks */ = {isa = PBXBuildFile; fileRef = 81E500571AD88BFF003E91B6 /* SystemConfiguration.framework */; };
		81E5005A1AD88C0B003E91B6 /* UIKit.framework in Frameworks */ = {isa = PBXBuildFile; fileRef = 81E500591AD88C0B003E91B6 /* UIKit.framework */; };
		81E500621AD8924B003E91B6 /* 1@2x.jpg in Resources */ = {isa = PBXBuildFile; fileRef = 81E5005C1AD8924B003E91B6 /* 1@2x.jpg */; };
		81E500631AD8924B003E91B6 /* 2@2x.jpg in Resources */ = {isa = PBXBuildFile; fileRef = 81E5005D1AD8924B003E91B6 /* 2@2x.jpg */; };
		81E500641AD8924B003E91B6 /* 3@2x.jpg in Resources */ = {isa = PBXBuildFile; fileRef = 81E5005E1AD8924B003E91B6 /* 3@2x.jpg */; };
		81E500651AD8924B003E91B6 /* 4@2x.jpg in Resources */ = {isa = PBXBuildFile; fileRef = 81E5005F1AD8924B003E91B6 /* 4@2x.jpg */; };
		81E500661AD8924B003E91B6 /* 5@2x.jpg in Resources */ = {isa = PBXBuildFile; fileRef = 81E500601AD8924B003E91B6 /* 5@2x.jpg */; };
		81E500671AD8924B003E91B6 /* 6@2x.jpg in Resources */ = {isa = PBXBuildFile; fileRef = 81E500611AD8924B003E91B6 /* 6@2x.jpg */; };
		81E500791AD89510003E91B6 /* GLView.m in Sources */ = {isa = PBXBuildFile; fileRef = 81E500751AD89510003E91B6 /* GLView.m */; };
		81E5007A1AD89510003E91B6 /* GLViewController.m in Sources */ = {isa = PBXBuildFile; fileRef = 81E500771AD89510003E91B6 /* GLViewController.m */; };
		81E5007E1AD89EE9003E91B6 /* Planet3dViewController.m in Sources */ = {isa = PBXBuildFile; fileRef = 81E5007D1AD89EE9003E91B6 /* Planet3dViewController.m */; };
		81E5FFB31AD7E40E003E91B6 /* main.m in Sources */ = {isa = PBXBuildFile; fileRef = 81E5FFB21AD7E40E003E91B6 /* main.m */; };
		81E5FFBE1AD7E40E003E91B6 /* Images.xcassets in Resources */ = {isa = PBXBuildFile; fileRef = 81E5FFBD1AD7E40E003E91B6 /* Images.xcassets */; };
		81E5FFC11AD7E40E003E91B6 /* LaunchScreen.xib in Resources */ = {isa = PBXBuildFile; fileRef = 81E5FFBF1AD7E40E003E91B6 /* LaunchScreen.xib */; };
		81E5FFCD1AD7E40E003E91B6 /* PlanetTests.m in Sources */ = {isa = PBXBuildFile; fileRef = 81E5FFCC1AD7E40E003E91B6 /* PlanetTests.m */; };
		81E5FFDC1AD7E45E003E91B6 /* UIImage+ImageEffects.m in Sources */ = {isa = PBXBuildFile; fileRef = 81E5FFD71AD7E45E003E91B6 /* UIImage+ImageEffects.m */; };
		81E5FFDD1AD7E45E003E91B6 /* BlurMenu.m in Sources */ = {isa = PBXBuildFile; fileRef = 81E5FFD91AD7E45E003E91B6 /* BlurMenu.m */; };
		81E5FFDE1AD7E45E003E91B6 /* BlurMenuItemCell.m in Sources */ = {isa = PBXBuildFile; fileRef = 81E5FFDB1AD7E45E003E91B6 /* BlurMenuItemCell.m */; };
		81E5FFEF1AD7E480003E91B6 /* GDataXMLNode.m in Sources */ = {isa = PBXBuildFile; fileRef = 81E5FFE11AD7E480003E91B6 /* GDataXMLNode.m */; settings = {COMPILER_FLAGS = "-fno-objc-arc"; }; };
		81E5FFF01AD7E480003E91B6 /* RootViewController.m in Sources */ = {isa = PBXBuildFile; fileRef = 81E5FFE31AD7E480003E91B6 /* RootViewController.m */; };
		81E5FFF21AD7E480003E91B6 /* DetailsViewController.m in Sources */ = {isa = PBXBuildFile; fileRef = 81E5FFE71AD7E480003E91B6 /* DetailsViewController.m */; };
		81E5FFF31AD7E480003E91B6 /* RSSLoader.m in Sources */ = {isa = PBXBuildFile; fileRef = 81E5FFE91AD7E480003E91B6 /* RSSLoader.m */; };
		81E5FFF51AD7E480003E91B6 /* arss_header.png in Resources */ = {isa = PBXBuildFile; fileRef = 81E5FFED1AD7E480003E91B6 /* arss_header.png */; };
		81E5FFF61AD7E480003E91B6 /* arss_back.png in Resources */ = {isa = PBXBuildFile; fileRef = 81E5FFEE1AD7E480003E91B6 /* arss_back.png */; };
		81EC07341AE708DF0073391A /* iPhone6plus.storyboard in Resources */ = {isa = PBXBuildFile; fileRef = 81EC07331AE708DF0073391A /* iPhone6plus.storyboard */; };
		81EC07361AE70F8C0073391A /* iPhone6.storyboard in Resources */ = {isa = PBXBuildFile; fileRef = 81EC07351AE70F8C0073391A /* iPhone6.storyboard */; };
		81F348601AE7B6FA00B3F886 /* render.jpg in Resources */ = {isa = PBXBuildFile; fileRef = 81F3485F1AE7B6FA00B3F886 /* render.jpg */; };
		81FBC95B1AE9B655007987F4 /* secondViewController.m in Sources */ = {isa = PBXBuildFile; fileRef = 81FBC9581AE9B655007987F4 /* secondViewController.m */; settings = {COMPILER_FLAGS = "-fno-objc-arc"; }; };
		81FBC95C1AE9B655007987F4 /* ListPlanetViewController.m in Sources */ = {isa = PBXBuildFile; fileRef = 81FBC95A1AE9B655007987F4 /* ListPlanetViewController.m */; settings = {COMPILER_FLAGS = "-fno-objc-arc"; }; };
		81FBC9601AE9CB16007987F4 /* iPhone4s.storyboard in Resources */ = {isa = PBXBuildFile; fileRef = 81FBC95F1AE9CB16007987F4 /* iPhone4s.storyboard */; };
/* End PBXBuildFile section */

/* Begin PBXContainerItemProxy section */
		81E5FFC71AD7E40E003E91B6 /* PBXContainerItemProxy */ = {
			isa = PBXContainerItemProxy;
			containerPortal = 81E5FFA51AD7E40E003E91B6 /* Project object */;
			proxyType = 1;
			remoteGlobalIDString = 81E5FFAC1AD7E40E003E91B6;
			remoteInfo = Planet;
		};
/* End PBXContainerItemProxy section */

/* Begin PBXFileReference section */
		814820411AE880C400DB3FD6 /* marsmap.png */ = {isa = PBXFileReference; lastKnownFileType = image.png; path = marsmap.png; sourceTree = "<group>"; };
		81658C281ADFFE03007880C6 /* Default-568h@2x.png */ = {isa = PBXFileReference; lastKnownFileType = image.png; path = "Default-568h@2x.png"; sourceTree = "<group>"; };
		81658C2B1AE0003D007880C6 /* MKAnnotationView+WebCache.h */ = {isa = PBXFileReference; fileEncoding = 4; lastKnownFileType = sourcecode.c.h; path = "MKAnnotationView+WebCache.h"; sourceTree = "<group>"; };
		81658C2C1AE0003D007880C6 /* MKAnnotationView+WebCache.m */ = {isa = PBXFileReference; fileEncoding = 4; lastKnownFileType = sourcecode.c.objc; path = "MKAnnotationView+WebCache.m"; sourceTree = "<group>"; };
		81658C2D1AE0003D007880C6 /* NSData+ImageContentType.h */ = {isa = PBXFileReference; fileEncoding = 4; lastKnownFileType = sourcecode.c.h; path = "NSData+ImageContentType.h"; sourceTree = "<group>"; };
		81658C2E1AE0003D007880C6 /* NSData+ImageContentType.m */ = {isa = PBXFileReference; fileEncoding = 4; lastKnownFileType = sourcecode.c.objc; path = "NSData+ImageContentType.m"; sourceTree = "<group>"; };
		81658C2F1AE0003D007880C6 /* SDImageCache.h */ = {isa = PBXFileReference; fileEncoding = 4; lastKnownFileType = sourcecode.c.h; path = SDImageCache.h; sourceTree = "<group>"; };
		81658C301AE0003D007880C6 /* SDImageCache.m */ = {isa = PBXFileReference; fileEncoding = 4; lastKnownFileType = sourcecode.c.objc; path = SDImageCache.m; sourceTree = "<group>"; };
		81658C311AE0003D007880C6 /* SDWebImageCompat.h */ = {isa = PBXFileReference; fileEncoding = 4; lastKnownFileType = sourcecode.c.h; path = SDWebImageCompat.h; sourceTree = "<group>"; };
		81658C321AE0003D007880C6 /* SDWebImageCompat.m */ = {isa = PBXFileReference; fileEncoding = 4; lastKnownFileType = sourcecode.c.objc; path = SDWebImageCompat.m; sourceTree = "<group>"; };
		81658C331AE0003D007880C6 /* SDWebImageDecoder.h */ = {isa = PBXFileReference; fileEncoding = 4; lastKnownFileType = sourcecode.c.h; path = SDWebImageDecoder.h; sourceTree = "<group>"; };
		81658C341AE0003D007880C6 /* SDWebImageDecoder.m */ = {isa = PBXFileReference; fileEncoding = 4; lastKnownFileType = sourcecode.c.objc; path = SDWebImageDecoder.m; sourceTree = "<group>"; };
		81658C351AE0003D007880C6 /* SDWebImageDownloader.h */ = {isa = PBXFileReference; fileEncoding = 4; lastKnownFileType = sourcecode.c.h; path = SDWebImageDownloader.h; sourceTree = "<group>"; };
		81658C361AE0003D007880C6 /* SDWebImageDownloader.m */ = {isa = PBXFileReference; fileEncoding = 4; lastKnownFileType = sourcecode.c.objc; path = SDWebImageDownloader.m; sourceTree = "<group>"; };
		81658C371AE0003D007880C6 /* SDWebImageDownloaderOperation.h */ = {isa = PBXFileReference; fileEncoding = 4; lastKnownFileType = sourcecode.c.h; path = SDWebImageDownloaderOperation.h; sourceTree = "<group>"; };
		81658C381AE0003D007880C6 /* SDWebImageDownloaderOperation.m */ = {isa = PBXFileReference; fileEncoding = 4; lastKnownFileType = sourcecode.c.objc; path = SDWebImageDownloaderOperation.m; sourceTree = "<group>"; };
		81658C391AE0003D007880C6 /* SDWebImageManager.h */ = {isa = PBXFileReference; fileEncoding = 4; lastKnownFileType = sourcecode.c.h; path = SDWebImageManager.h; sourceTree = "<group>"; };
		81658C3A1AE0003D007880C6 /* SDWebImageManager.m */ = {isa = PBXFileReference; fileEncoding = 4; lastKnownFileType = sourcecode.c.objc; path = SDWebImageManager.m; sourceTree = "<group>"; };
		81658C3B1AE0003D007880C6 /* SDWebImageOperation.h */ = {isa = PBXFileReference; fileEncoding = 4; lastKnownFileType = sourcecode.c.h; path = SDWebImageOperation.h; sourceTree = "<group>"; };
		81658C3C1AE0003D007880C6 /* SDWebImagePrefetcher.h */ = {isa = PBXFileReference; fileEncoding = 4; lastKnownFileType = sourcecode.c.h; path = SDWebImagePrefetcher.h; sourceTree = "<group>"; };
		81658C3D1AE0003D007880C6 /* SDWebImagePrefetcher.m */ = {isa = PBXFileReference; fileEncoding = 4; lastKnownFileType = sourcecode.c.objc; path = SDWebImagePrefetcher.m; sourceTree = "<group>"; };
		81658C3E1AE0003D007880C6 /* UIButton+WebCache.h */ = {isa = PBXFileReference; fileEncoding = 4; lastKnownFileType = sourcecode.c.h; path = "UIButton+WebCache.h"; sourceTree = "<group>"; };
		81658C3F1AE0003D007880C6 /* UIButton+WebCache.m */ = {isa = PBXFileReference; fileEncoding = 4; lastKnownFileType = sourcecode.c.objc; path = "UIButton+WebCache.m"; sourceTree = "<group>"; };
		81658C401AE0003D007880C6 /* UIImage+GIF.h */ = {isa = PBXFileReference; fileEncoding = 4; lastKnownFileType = sourcecode.c.h; path = "UIImage+GIF.h"; sourceTree = "<group>"; };
		81658C411AE0003D007880C6 /* UIImage+GIF.m */ = {isa = PBXFileReference; fileEncoding = 4; lastKnownFileType = sourcecode.c.objc; path = "UIImage+GIF.m"; sourceTree = "<group>"; };
		81658C421AE0003D007880C6 /* UIImage+MultiFormat.h */ = {isa = PBXFileReference; fileEncoding = 4; lastKnownFileType = sourcecode.c.h; path = "UIImage+MultiFormat.h"; sourceTree = "<group>"; };
		81658C431AE0003D007880C6 /* UIImage+MultiFormat.m */ = {isa = PBXFileReference; fileEncoding = 4; lastKnownFileType = sourcecode.c.objc; path = "UIImage+MultiFormat.m"; sourceTree = "<group>"; };
		81658C441AE0003D007880C6 /* UIImage+WebP.h */ = {isa = PBXFileReference; fileEncoding = 4; lastKnownFileType = sourcecode.c.h; path = "UIImage+WebP.h"; sourceTree = "<group>"; };
		81658C451AE0003D007880C6 /* UIImage+WebP.m */ = {isa = PBXFileReference; fileEncoding = 4; lastKnownFileType = sourcecode.c.objc; path = "UIImage+WebP.m"; sourceTree = "<group>"; };
		81658C461AE0003D007880C6 /* UIImageView+HighlightedWebCache.h */ = {isa = PBXFileReference; fileEncoding = 4; lastKnownFileType = sourcecode.c.h; path = "UIImageView+HighlightedWebCache.h"; sourceTree = "<group>"; };
		81658C471AE0003D007880C6 /* UIImageView+HighlightedWebCache.m */ = {isa = PBXFileReference; fileEncoding = 4; lastKnownFileType = sourcecode.c.objc; path = "UIImageView+HighlightedWebCache.m"; sourceTree = "<group>"; };
		81658C481AE0003D007880C6 /* UIImageView+WebCache.h */ = {isa = PBXFileReference; fileEncoding = 4; lastKnownFileType = sourcecode.c.h; path = "UIImageView+WebCache.h"; sourceTree = "<group>"; };
		81658C491AE0003D007880C6 /* UIImageView+WebCache.m */ = {isa = PBXFileReference; fileEncoding = 4; lastKnownFileType = sourcecode.c.objc; path = "UIImageView+WebCache.m"; sourceTree = "<group>"; };
		81658C4A1AE0003D007880C6 /* UIView+WebCacheOperation.h */ = {isa = PBXFileReference; fileEncoding = 4; lastKnownFileType = sourcecode.c.h; path = "UIView+WebCacheOperation.h"; sourceTree = "<group>"; };
		81658C4B1AE0003D007880C6 /* UIView+WebCacheOperation.m */ = {isa = PBXFileReference; fileEncoding = 4; lastKnownFileType = sourcecode.c.objc; path = "UIView+WebCacheOperation.m"; sourceTree = "<group>"; };
		8197E1C41AF1929D0094D682 /* back.png */ = {isa = PBXFileReference; lastKnownFileType = image.png; path = back.png; sourceTree = "<group>"; };
		8197E1C51AF1929D0094D682 /* next.png */ = {isa = PBXFileReference; lastKnownFileType = image.png; path = next.png; sourceTree = "<group>"; };
		81A8F0751AE46E52003AB859 /* ARView.h */ = {isa = PBXFileReference; fileEncoding = 4; lastKnownFileType = sourcecode.c.h; path = ARView.h; sourceTree = "<group>"; };
		81A8F0761AE46E52003AB859 /* ARView.m */ = {isa = PBXFileReference; fileEncoding = 4; lastKnownFileType = sourcecode.c.objc; path = ARView.m; sourceTree = "<group>"; };
		81A8F0771AE46E52003AB859 /* PlaceOfInterest.h */ = {isa = PBXFileReference; fileEncoding = 4; lastKnownFileType = sourcecode.c.h; path = PlaceOfInterest.h; sourceTree = "<group>"; };
		81A8F0781AE46E52003AB859 /* PlaceOfInterest.m */ = {isa = PBXFileReference; fileEncoding = 4; lastKnownFileType = sourcecode.c.objc; path = PlaceOfInterest.m; sourceTree = "<group>"; };
		81A8F0791AE46E52003AB859 /* pARkViewController.h */ = {isa = PBXFileReference; fileEncoding = 4; lastKnownFileType = sourcecode.c.h; path = pARkViewController.h; sourceTree = "<group>"; };
		81A8F07A1AE46E52003AB859 /* pARkViewController.m */ = {isa = PBXFileReference; fileEncoding = 4; lastKnownFileType = sourcecode.c.objc; path = pARkViewController.m; sourceTree = "<group>"; };
		81C2D7801AD911EE00FA1598 /* uranusmap.png */ = {isa = PBXFileReference; lastKnownFileType = image.png; path = uranusmap.png; sourceTree = "<group>"; };
		81C2D7861AD9194600FA1598 /* moonmap.png */ = {isa = PBXFileReference; lastKnownFileType = image.png; path = moonmap.png; sourceTree = "<group>"; };
		81C2D7881AD91CF100FA1598 /* mercuremap.png */ = {isa = PBXFileReference; lastKnownFileType = image.png; path = mercuremap.png; sourceTree = "<group>"; };
		81C2D7891AD91CF100FA1598 /* venusmap.png */ = {isa = PBXFileReference; lastKnownFileType = image.png; path = venusmap.png; sourceTree = "<group>"; };
		81C2D78A1AD91CF100FA1598 /* soleilmap.png */ = {isa = PBXFileReference; lastKnownFileType = image.png; path = soleilmap.png; sourceTree = "<group>"; };
		81C2D78B1AD91CF100FA1598 /* saturnmap.png */ = {isa = PBXFileReference; lastKnownFileType = image.png; path = saturnmap.png; sourceTree = "<group>"; };
		81C2D78C1AD91CF100FA1598 /* neptunemap.png */ = {isa = PBXFileReference; lastKnownFileType = image.png; path = neptunemap.png; sourceTree = "<group>"; };
		81C2D7921AD9210500FA1598 /* jupitermap.png */ = {isa = PBXFileReference; lastKnownFileType = image.png; path = jupitermap.png; sourceTree = "<group>"; };
		81C2D7941AD9230F00FA1598 /* plutonmap.png */ = {isa = PBXFileReference; lastKnownFileType = image.png; path = plutonmap.png; sourceTree = "<group>"; };
		81C2D7961AD9348600FA1598 /* TableHeaderView.h */ = {isa = PBXFileReference; fileEncoding = 4; lastKnownFileType = sourcecode.c.h; path = TableHeaderView.h; sourceTree = "<group>"; };
		81C2D7971AD9348600FA1598 /* TableHeaderView.m */ = {isa = PBXFileReference; fileEncoding = 4; lastKnownFileType = sourcecode.c.objc; path = TableHeaderView.m; sourceTree = "<group>"; };
		81C2D79D1AD93A8900FA1598 /* earthmap.png */ = {isa = PBXFileReference; lastKnownFileType = image.png; path = earthmap.png; sourceTree = "<group>"; };
		81C752C21AEFDAB40089834D /* jupiter.png */ = {isa = PBXFileReference; lastKnownFileType = image.png; path = jupiter.png; sourceTree = "<group>"; };
		81E265371B01806C005E790B /* terremap.png */ = {isa = PBXFileReference; lastKnownFileType = image.png; path = terremap.png; sourceTree = "<group>"; };
		81E5000B1AD7E4DA003E91B6 /* AboutViewController.h */ = {isa = PBXFileReference; fileEncoding = 4; lastKnownFileType = sourcecode.c.h; path = AboutViewController.h; sourceTree = "<group>"; };
		81E5000C1AD7E4DA003E91B6 /* AboutViewController.m */ = {isa = PBXFileReference; fileEncoding = 4; lastKnownFileType = sourcecode.c.objc; path = AboutViewController.m; sourceTree = "<group>"; };
		81E5000D1AD7E4DA003E91B6 /* libxml2.dylib */ = {isa = PBXFileReference; lastKnownFileType = "compiled.mach-o.dylib"; name = libxml2.dylib; path = Planet/libxml2.dylib; sourceTree = "<group>"; };
		81E5000E1AD7E4DA003E91B6 /* Background.jpg */ = {isa = PBXFileReference; lastKnownFileType = image.jpeg; path = Background.jpg; sourceTree = "<group>"; };
		81E500101AD7E4DA003E91B6 /* lune.png */ = {isa = PBXFileReference; lastKnownFileType = image.png; path = lune.png; sourceTree = "<group>"; };
		81E500111AD7E4DA003E91B6 /* mars.png */ = {isa = PBXFileReference; lastKnownFileType = image.png; path = mars.png; sourceTree = "<group>"; };
		81E500121AD7E4DA003E91B6 /* logoesprit.png */ = {isa = PBXFileReference; lastKnownFileType = image.png; path = logoesprit.png; sourceTree = "<group>"; };
		81E500131AD7E4DA003E91B6 /* mercure.png */ = {isa = PBXFileReference; lastKnownFileType = image.png; path = mercure.png; sourceTree = "<group>"; };
		81E500141AD7E4DA003E91B6 /* neptune.png */ = {isa = PBXFileReference; lastKnownFileType = image.png; path = neptune.png; sourceTree = "<group>"; };
		81E500151AD7E4DA003E91B6 /* lightning23.png */ = {isa = PBXFileReference; lastKnownFileType = image.png; path = lightning23.png; sourceTree = "<group>"; };
		81E500161AD7E4DA003E91B6 /* pluton.png */ = {isa = PBXFileReference; lastKnownFileType = image.png; path = pluton.png; sourceTree = "<group>"; };
		81E500171AD7E4DA003E91B6 /* saturne.png */ = {isa = PBXFileReference; lastKnownFileType = image.png; path = saturne.png; sourceTree = "<group>"; };
		81E500181AD7E4DA003E91B6 /* soleil.png */ = {isa = PBXFileReference; lastKnownFileType = image.png; path = soleil.png; sourceTree = "<group>"; };
		81E500191AD7E4DA003E91B6 /* uranus.png */ = {isa = PBXFileReference; lastKnownFileType = image.png; path = uranus.png; sourceTree = "<group>"; };
		81E5001A1AD7E4DA003E91B6 /* venus.png */ = {isa = PBXFileReference; lastKnownFileType = image.png; path = venus.png; sourceTree = "<group>"; };
		81E5001B1AD7E4DA003E91B6 /* globe.png */ = {isa = PBXFileReference; lastKnownFileType = image.png; path = globe.png; sourceTree = "<group>"; };
		81E5001C1AD7E4DA003E91B6 /* AppDelegate.h */ = {isa = PBXFileReference; fileEncoding = 4; lastKnownFileType = sourcecode.c.h; path = AppDelegate.h; sourceTree = "<group>"; };
		81E5001D1AD7E4DA003E91B6 /* AppDelegate.m */ = {isa = PBXFileReference; fileEncoding = 4; lastKnownFileType = sourcecode.c.objc; path = AppDelegate.m; sourceTree = "<group>"; };
		81E5001E1AD7E4DA003E91B6 /* Main.storyboard */ = {isa = PBXFileReference; fileEncoding = 4; lastKnownFileType = file.storyboard; path = Main.storyboard; sourceTree = "<group>"; };
		81E5001F1AD7E4DA003E91B6 /* ViewController.h */ = {isa = PBXFileReference; fileEncoding = 4; lastKnownFileType = sourcecode.c.h; path = ViewController.h; sourceTree = "<group>"; };
		81E500201AD7E4DA003E91B6 /* ViewController.m */ = {isa = PBXFileReference; fileEncoding = 4; lastKnownFileType = sourcecode.c.objc; path = ViewController.m; sourceTree = "<group>"; };
		81E500351AD7E5BE003E91B6 /* Info.plist */ = {isa = PBXFileReference; fileEncoding = 4; lastKnownFileType = text.plist.xml; path = Info.plist; sourceTree = "<group>"; };
		81E500371AD7E5EB003E91B6 /* libiconv.2.dylib */ = {isa = PBXFileReference; lastKnownFileType = "compiled.mach-o.dylib"; name = libiconv.2.dylib; path = Planet/libiconv.2.dylib; sourceTree = "<group>"; };
		81E500391AD88BCC003E91B6 /* AudioToolbox.framework */ = {isa = PBXFileReference; lastKnownFileType = wrapper.framework; name = AudioToolbox.framework; path = System/Library/Frameworks/AudioToolbox.framework; sourceTree = SDKROOT; };
		81E5003A1AD88BCC003E91B6 /* AVFoundation.framework */ = {isa = PBXFileReference; lastKnownFileType = wrapper.framework; name = AVFoundation.framework; path = System/Library/Frameworks/AVFoundation.framework; sourceTree = SDKROOT; };
		81E5003B1AD88BCC003E91B6 /* CFNetwork.framework */ = {isa = PBXFileReference; lastKnownFileType = wrapper.framework; name = CFNetwork.framework; path = System/Library/Frameworks/CFNetwork.framework; sourceTree = SDKROOT; };
		81E5003C1AD88BCC003E91B6 /* CoreGraphics.framework */ = {isa = PBXFileReference; lastKnownFileType = wrapper.framework; name = CoreGraphics.framework; path = System/Library/Frameworks/CoreGraphics.framework; sourceTree = SDKROOT; };
		81E5003D1AD88BCC003E91B6 /* CoreLocation.framework */ = {isa = PBXFileReference; lastKnownFileType = wrapper.framework; name = CoreLocation.framework; path = System/Library/Frameworks/CoreLocation.framework; sourceTree = SDKROOT; };
		81E5003E1AD88BCC003E91B6 /* CoreMedia.framework */ = {isa = PBXFileReference; lastKnownFileType = wrapper.framework; name = CoreMedia.framework; path = System/Library/Frameworks/CoreMedia.framework; sourceTree = SDKROOT; };
		81E5003F1AD88BCC003E91B6 /* CoreMotion.framework */ = {isa = PBXFileReference; lastKnownFileType = wrapper.framework; name = CoreMotion.framework; path = System/Library/Frameworks/CoreMotion.framework; sourceTree = SDKROOT; };
		81E500401AD88BCC003E91B6 /* CoreVideo.framework */ = {isa = PBXFileReference; lastKnownFileType = wrapper.framework; name = CoreVideo.framework; path = System/Library/Frameworks/CoreVideo.framework; sourceTree = SDKROOT; };
		81E500411AD88BCC003E91B6 /* Foundation.framework */ = {isa = PBXFileReference; lastKnownFileType = wrapper.framework; name = Foundation.framework; path = System/Library/Frameworks/Foundation.framework; sourceTree = SDKROOT; };
		81E500421AD88BCC003E91B6 /* GameKit.framework */ = {isa = PBXFileReference; lastKnownFileType = wrapper.framework; name = GameKit.framework; path = System/Library/Frameworks/GameKit.framework; sourceTree = SDKROOT; };
		81E500431AD88BCC003E91B6 /* iAd.framework */ = {isa = PBXFileReference; lastKnownFileType = wrapper.framework; name = iAd.framework; path = System/Library/Frameworks/iAd.framework; sourceTree = SDKROOT; };
		81E5004F1AD88BD9003E91B6 /* MediaPlayer.framework */ = {isa = PBXFileReference; lastKnownFileType = wrapper.framework; name = MediaPlayer.framework; path = System/Library/Frameworks/MediaPlayer.framework; sourceTree = SDKROOT; };
		81E500511AD88BE3003E91B6 /* OpenAL.framework */ = {isa = PBXFileReference; lastKnownFileType = wrapper.framework; name = OpenAL.framework; path = System/Library/Frameworks/OpenAL.framework; sourceTree = SDKROOT; };
		81E500521AD88BE3003E91B6 /* OpenGLES.framework */ = {isa = PBXFileReference; lastKnownFileType = wrapper.framework; name = OpenGLES.framework; path = System/Library/Frameworks/OpenGLES.framework; sourceTree = SDKROOT; };
		81E500551AD88BF1003E91B6 /* QuartzCore.framework */ = {isa = PBXFileReference; lastKnownFileType = wrapper.framework; name = QuartzCore.framework; path = System/Library/Frameworks/QuartzCore.framework; sourceTree = SDKROOT; };
		81E500571AD88BFF003E91B6 /* SystemConfiguration.framework */ = {isa = PBXFileReference; lastKnownFileType = wrapper.framework; name = SystemConfiguration.framework; path = System/Library/Frameworks/SystemConfiguration.framework; sourceTree = SDKROOT; };
		81E500591AD88C0B003E91B6 /* UIKit.framework */ = {isa = PBXFileReference; lastKnownFileType = wrapper.framework; name = UIKit.framework; path = System/Library/Frameworks/UIKit.framework; sourceTree = SDKROOT; };
		81E5005C1AD8924B003E91B6 /* 1@2x.jpg */ = {isa = PBXFileReference; lastKnownFileType = image.jpeg; path = "1@2x.jpg"; sourceTree = "<group>"; };
		81E5005D1AD8924B003E91B6 /* 2@2x.jpg */ = {isa = PBXFileReference; lastKnownFileType = image.jpeg; path = "2@2x.jpg"; sourceTree = "<group>"; };
		81E5005E1AD8924B003E91B6 /* 3@2x.jpg */ = {isa = PBXFileReference; lastKnownFileType = image.jpeg; path = "3@2x.jpg"; sourceTree = "<group>"; };
		81E5005F1AD8924B003E91B6 /* 4@2x.jpg */ = {isa = PBXFileReference; lastKnownFileType = image.jpeg; path = "4@2x.jpg"; sourceTree = "<group>"; };
		81E500601AD8924B003E91B6 /* 5@2x.jpg */ = {isa = PBXFileReference; lastKnownFileType = image.jpeg; path = "5@2x.jpg"; sourceTree = "<group>"; };
		81E500611AD8924B003E91B6 /* 6@2x.jpg */ = {isa = PBXFileReference; lastKnownFileType = image.jpeg; path = "6@2x.jpg"; sourceTree = "<group>"; };
		81E500701AD89510003E91B6 /* OpenGLCommon.h */ = {isa = PBXFileReference; fileEncoding = 4; lastKnownFileType = sourcecode.c.h; path = OpenGLCommon.h; sourceTree = "<group>"; };
		81E500711AD89510003E91B6 /* ConstantsAndMacros.h */ = {isa = PBXFileReference; fileEncoding = 4; lastKnownFileType = sourcecode.c.h; path = ConstantsAndMacros.h; sourceTree = "<group>"; };
		81E500741AD89510003E91B6 /* GLView.h */ = {isa = PBXFileReference; fileEncoding = 4; lastKnownFileType = sourcecode.c.h; path = GLView.h; sourceTree = "<group>"; };
		81E500751AD89510003E91B6 /* GLView.m */ = {isa = PBXFileReference; fileEncoding = 4; lastKnownFileType = sourcecode.c.objc; path = GLView.m; sourceTree = "<group>"; };
		81E500761AD89510003E91B6 /* GLViewController.h */ = {isa = PBXFileReference; fileEncoding = 4; lastKnownFileType = sourcecode.c.h; path = GLViewController.h; sourceTree = "<group>"; };
		81E500771AD89510003E91B6 /* GLViewController.m */ = {isa = PBXFileReference; fileEncoding = 4; lastKnownFileType = sourcecode.c.objc; path = GLViewController.m; sourceTree = "<group>"; };
		81E5007C1AD89EE9003E91B6 /* Planet3dViewController.h */ = {isa = PBXFileReference; fileEncoding = 4; lastKnownFileType = sourcecode.c.h; path = Planet3dViewController.h; sourceTree = "<group>"; };
		81E5007D1AD89EE9003E91B6 /* Planet3dViewController.m */ = {isa = PBXFileReference; fileEncoding = 4; lastKnownFileType = sourcecode.c.objc; path = Planet3dViewController.m; sourceTree = "<group>"; };
		81E5FFAD1AD7E40E003E91B6 /* Planet.app */ = {isa = PBXFileReference; explicitFileType = wrapper.application; includeInIndex = 0; path = Planet.app; sourceTree = BUILT_PRODUCTS_DIR; };
		81E5FFB21AD7E40E003E91B6 /* main.m */ = {isa = PBXFileReference; lastKnownFileType = sourcecode.c.objc; path = main.m; sourceTree = "<group>"; };
		81E5FFBD1AD7E40E003E91B6 /* Images.xcassets */ = {isa = PBXFileReference; lastKnownFileType = folder.assetcatalog; path = Images.xcassets; sourceTree = "<group>"; };
		81E5FFC01AD7E40E003E91B6 /* Base */ = {isa = PBXFileReference; lastKnownFileType = file.xib; name = Base; path = Base.lproj/LaunchScreen.xib; sourceTree = "<group>"; };
		81E5FFC61AD7E40E003E91B6 /* PlanetTests.xctest */ = {isa = PBXFileReference; explicitFileType = wrapper.cfbundle; includeInIndex = 0; path = PlanetTests.xctest; sourceTree = BUILT_PRODUCTS_DIR; };
		81E5FFCB1AD7E40E003E91B6 /* Info.plist */ = {isa = PBXFileReference; lastKnownFileType = text.plist.xml; path = Info.plist; sourceTree = "<group>"; };
		81E5FFCC1AD7E40E003E91B6 /* PlanetTests.m */ = {isa = PBXFileReference; lastKnownFileType = sourcecode.c.objc; path = PlanetTests.m; sourceTree = "<group>"; };
		81E5FFD61AD7E45E003E91B6 /* UIImage+ImageEffects.h */ = {isa = PBXFileReference; fileEncoding = 4; lastKnownFileType = sourcecode.c.h; path = "UIImage+ImageEffects.h"; sourceTree = "<group>"; };
		81E5FFD71AD7E45E003E91B6 /* UIImage+ImageEffects.m */ = {isa = PBXFileReference; fileEncoding = 4; lastKnownFileType = sourcecode.c.objc; path = "UIImage+ImageEffects.m"; sourceTree = "<group>"; };
		81E5FFD81AD7E45E003E91B6 /* BlurMenu.h */ = {isa = PBXFileReference; fileEncoding = 4; lastKnownFileType = sourcecode.c.h; path = BlurMenu.h; sourceTree = "<group>"; };
		81E5FFD91AD7E45E003E91B6 /* BlurMenu.m */ = {isa = PBXFileReference; fileEncoding = 4; lastKnownFileType = sourcecode.c.objc; path = BlurMenu.m; sourceTree = "<group>"; };
		81E5FFDA1AD7E45E003E91B6 /* BlurMenuItemCell.h */ = {isa = PBXFileReference; fileEncoding = 4; lastKnownFileType = sourcecode.c.h; path = BlurMenuItemCell.h; sourceTree = "<group>"; };
		81E5FFDB1AD7E45E003E91B6 /* BlurMenuItemCell.m */ = {isa = PBXFileReference; fileEncoding = 4; lastKnownFileType = sourcecode.c.objc; path = BlurMenuItemCell.m; sourceTree = "<group>"; };
		81E5FFE01AD7E480003E91B6 /* GDataXMLNode.h */ = {isa = PBXFileReference; fileEncoding = 4; lastKnownFileType = sourcecode.c.h; path = GDataXMLNode.h; sourceTree = "<group>"; };
		81E5FFE11AD7E480003E91B6 /* GDataXMLNode.m */ = {isa = PBXFileReference; fileEncoding = 4; lastKnownFileType = sourcecode.c.objc; path = GDataXMLNode.m; sourceTree = "<group>"; };
		81E5FFE21AD7E480003E91B6 /* RootViewController.h */ = {isa = PBXFileReference; fileEncoding = 4; lastKnownFileType = sourcecode.c.h; path = RootViewController.h; sourceTree = "<group>"; };
		81E5FFE31AD7E480003E91B6 /* RootViewController.m */ = {isa = PBXFileReference; fileEncoding = 4; lastKnownFileType = sourcecode.c.objc; path = RootViewController.m; sourceTree = "<group>"; };
		81E5FFE61AD7E480003E91B6 /* DetailsViewController.h */ = {isa = PBXFileReference; fileEncoding = 4; lastKnownFileType = sourcecode.c.h; path = DetailsViewController.h; sourceTree = "<group>"; };
		81E5FFE71AD7E480003E91B6 /* DetailsViewController.m */ = {isa = PBXFileReference; fileEncoding = 4; lastKnownFileType = sourcecode.c.objc; path = DetailsViewController.m; sourceTree = "<group>"; };
		81E5FFE81AD7E480003E91B6 /* RSSLoader.h */ = {isa = PBXFileReference; fileEncoding = 4; lastKnownFileType = sourcecode.c.h; path = RSSLoader.h; sourceTree = "<group>"; };
		81E5FFE91AD7E480003E91B6 /* RSSLoader.m */ = {isa = PBXFileReference; fileEncoding = 4; lastKnownFileType = sourcecode.c.objc; path = RSSLoader.m; sourceTree = "<group>"; };
		81E5FFED1AD7E480003E91B6 /* arss_header.png */ = {isa = PBXFileReference; lastKnownFileType = image.png; path = arss_header.png; sourceTree = "<group>"; };
		81E5FFEE1AD7E480003E91B6 /* arss_back.png */ = {isa = PBXFileReference; lastKnownFileType = image.png; path = arss_back.png; sourceTree = "<group>"; };
		81EC07331AE708DF0073391A /* iPhone6plus.storyboard */ = {isa = PBXFileReference; fileEncoding = 4; lastKnownFileType = file.storyboard; path = iPhone6plus.storyboard; sourceTree = "<group>"; };
		81EC07351AE70F8C0073391A /* iPhone6.storyboard */ = {isa = PBXFileReference; fileEncoding = 4; lastKnownFileType = file.storyboard; path = iPhone6.storyboard; sourceTree = "<group>"; };
		81F3485F1AE7B6FA00B3F886 /* render.jpg */ = {isa = PBXFileReference; lastKnownFileType = image.jpeg; path = render.jpg; sourceTree = "<group>"; };
		81FBC9571AE9B655007987F4 /* secondViewController.h */ = {isa = PBXFileReference; fileEncoding = 4; lastKnownFileType = sourcecode.c.h; path = secondViewController.h; sourceTree = "<group>"; };
		81FBC9581AE9B655007987F4 /* secondViewController.m */ = {isa = PBXFileReference; fileEncoding = 4; lastKnownFileType = sourcecode.c.objc; path = secondViewController.m; sourceTree = "<group>"; };
		81FBC9591AE9B655007987F4 /* ListPlanetViewController.h */ = {isa = PBXFileReference; fileEncoding = 4; lastKnownFileType = sourcecode.c.h; path = ListPlanetViewController.h; sourceTree = "<group>"; };
		81FBC95A1AE9B655007987F4 /* ListPlanetViewController.m */ = {isa = PBXFileReference; fileEncoding = 4; lastKnownFileType = sourcecode.c.objc; path = ListPlanetViewController.m; sourceTree = "<group>"; };
		81FBC95F1AE9CB16007987F4 /* iPhone4s.storyboard */ = {isa = PBXFileReference; fileEncoding = 4; lastKnownFileType = file.storyboard; path = iPhone4s.storyboard; sourceTree = "<group>"; };
/* End PBXFileReference section */

/* Begin PBXFrameworksBuildPhase section */
		81E5FFAA1AD7E40E003E91B6 /* Frameworks */ = {
			isa = PBXFrameworksBuildPhase;
			buildActionMask = 2147483647;
			files = (
				81E5005A1AD88C0B003E91B6 /* UIKit.framework in Frameworks */,
				81E500581AD88BFF003E91B6 /* SystemConfiguration.framework in Frameworks */,
				81E500561AD88BF1003E91B6 /* QuartzCore.framework in Frameworks */,
				81E500531AD88BE3003E91B6 /* OpenAL.framework in Frameworks */,
				81E500541AD88BE3003E91B6 /* OpenGLES.framework in Frameworks */,
				81E500501AD88BD9003E91B6 /* MediaPlayer.framework in Frameworks */,
				81E500441AD88BCC003E91B6 /* AudioToolbox.framework in Frameworks */,
				81E500451AD88BCC003E91B6 /* AVFoundation.framework in Frameworks */,
				81E500461AD88BCC003E91B6 /* CFNetwork.framework in Frameworks */,
				81E500471AD88BCC003E91B6 /* CoreGraphics.framework in Frameworks */,
				81E500481AD88BCC003E91B6 /* CoreLocation.framework in Frameworks */,
				81E500491AD88BCC003E91B6 /* CoreMedia.framework in Frameworks */,
				81E5004A1AD88BCC003E91B6 /* CoreMotion.framework in Frameworks */,
				81E5004B1AD88BCC003E91B6 /* CoreVideo.framework in Frameworks */,
				81E5004C1AD88BCC003E91B6 /* Foundation.framework in Frameworks */,
				81E5004D1AD88BCC003E91B6 /* GameKit.framework in Frameworks */,
				81E5004E1AD88BCC003E91B6 /* iAd.framework in Frameworks */,
				81E500381AD7E5EB003E91B6 /* libiconv.2.dylib in Frameworks */,
				81E500231AD7E4DA003E91B6 /* libxml2.dylib in Frameworks */,
			);
			runOnlyForDeploymentPostprocessing = 0;
		};
		81E5FFC31AD7E40E003E91B6 /* Frameworks */ = {
			isa = PBXFrameworksBuildPhase;
			buildActionMask = 2147483647;
			files = (
			);
			runOnlyForDeploymentPostprocessing = 0;
		};
/* End PBXFrameworksBuildPhase section */

/* Begin PBXGroup section */
		81658C2A1AE0003D007880C6 /* SDWebImage */ = {
			isa = PBXGroup;
			children = (
				81658C2B1AE0003D007880C6 /* MKAnnotationView+WebCache.h */,
				81658C2C1AE0003D007880C6 /* MKAnnotationView+WebCache.m */,
				81658C2D1AE0003D007880C6 /* NSData+ImageContentType.h */,
				81658C2E1AE0003D007880C6 /* NSData+ImageContentType.m */,
				81658C2F1AE0003D007880C6 /* SDImageCache.h */,
				81658C301AE0003D007880C6 /* SDImageCache.m */,
				81658C311AE0003D007880C6 /* SDWebImageCompat.h */,
				81658C321AE0003D007880C6 /* SDWebImageCompat.m */,
				81658C331AE0003D007880C6 /* SDWebImageDecoder.h */,
				81658C341AE0003D007880C6 /* SDWebImageDecoder.m */,
				81658C351AE0003D007880C6 /* SDWebImageDownloader.h */,
				81658C361AE0003D007880C6 /* SDWebImageDownloader.m */,
				81658C371AE0003D007880C6 /* SDWebImageDownloaderOperation.h */,
				81658C381AE0003D007880C6 /* SDWebImageDownloaderOperation.m */,
				81658C391AE0003D007880C6 /* SDWebImageManager.h */,
				81658C3A1AE0003D007880C6 /* SDWebImageManager.m */,
				81658C3B1AE0003D007880C6 /* SDWebImageOperation.h */,
				81658C3C1AE0003D007880C6 /* SDWebImagePrefetcher.h */,
				81658C3D1AE0003D007880C6 /* SDWebImagePrefetcher.m */,
				81658C3E1AE0003D007880C6 /* UIButton+WebCache.h */,
				81658C3F1AE0003D007880C6 /* UIButton+WebCache.m */,
				81658C401AE0003D007880C6 /* UIImage+GIF.h */,
				81658C411AE0003D007880C6 /* UIImage+GIF.m */,
				81658C421AE0003D007880C6 /* UIImage+MultiFormat.h */,
				81658C431AE0003D007880C6 /* UIImage+MultiFormat.m */,
				81658C441AE0003D007880C6 /* UIImage+WebP.h */,
				81658C451AE0003D007880C6 /* UIImage+WebP.m */,
				81658C461AE0003D007880C6 /* UIImageView+HighlightedWebCache.h */,
				81658C471AE0003D007880C6 /* UIImageView+HighlightedWebCache.m */,
				81658C481AE0003D007880C6 /* UIImageView+WebCache.h */,
				81658C491AE0003D007880C6 /* UIImageView+WebCache.m */,
				81658C4A1AE0003D007880C6 /* UIView+WebCacheOperation.h */,
				81658C4B1AE0003D007880C6 /* UIView+WebCacheOperation.m */,
			);
			path = SDWebImage;
			sourceTree = "<group>";
		};
		81E500081AD7E4AC003E91B6 /* Position */ = {
			isa = PBXGroup;
			children = (
				81A8F0751AE46E52003AB859 /* ARView.h */,
				81A8F0761AE46E52003AB859 /* ARView.m */,
				81A8F0771AE46E52003AB859 /* PlaceOfInterest.h */,
				81A8F0781AE46E52003AB859 /* PlaceOfInterest.m */,
				81A8F0791AE46E52003AB859 /* pARkViewController.h */,
				81A8F07A1AE46E52003AB859 /* pARkViewController.m */,
			);
			name = Position;
			sourceTree = "<group>";
		};
		81E5005B1AD88EDC003E91B6 /* Framework */ = {
			isa = PBXGroup;
			children = (
				81E5000D1AD7E4DA003E91B6 /* libxml2.dylib */,
				81E500371AD7E5EB003E91B6 /* libiconv.2.dylib */,
				81E500591AD88C0B003E91B6 /* UIKit.framework */,
				81E500571AD88BFF003E91B6 /* SystemConfiguration.framework */,
				81E500551AD88BF1003E91B6 /* QuartzCore.framework */,
				81E500511AD88BE3003E91B6 /* OpenAL.framework */,
				81E500521AD88BE3003E91B6 /* OpenGLES.framework */,
				81E5004F1AD88BD9003E91B6 /* MediaPlayer.framework */,
				81E500391AD88BCC003E91B6 /* AudioToolbox.framework */,
				81E5003A1AD88BCC003E91B6 /* AVFoundation.framework */,
				81E5003B1AD88BCC003E91B6 /* CFNetwork.framework */,
				81E5003C1AD88BCC003E91B6 /* CoreGraphics.framework */,
				81E5003D1AD88BCC003E91B6 /* CoreLocation.framework */,
				81E5003E1AD88BCC003E91B6 /* CoreMedia.framework */,
				81E5003F1AD88BCC003E91B6 /* CoreMotion.framework */,
				81E500401AD88BCC003E91B6 /* CoreVideo.framework */,
				81E500411AD88BCC003E91B6 /* Foundation.framework */,
				81E500421AD88BCC003E91B6 /* GameKit.framework */,
				81E500431AD88BCC003E91B6 /* iAd.framework */,
			);
			name = Framework;
			sourceTree = "<group>";
		};
		81E5006E1AD8935A003E91B6 /* ListePlanet */ = {
			isa = PBXGroup;
			children = (
				81FBC9571AE9B655007987F4 /* secondViewController.h */,
				81FBC9581AE9B655007987F4 /* secondViewController.m */,
				81FBC9591AE9B655007987F4 /* ListPlanetViewController.h */,
				81FBC95A1AE9B655007987F4 /* ListPlanetViewController.m */,
			);
			name = ListePlanet;
			sourceTree = "<group>";
		};
		81E5006F1AD893A3003E91B6 /* Images */ = {
			isa = PBXGroup;
			children = (
				81E265371B01806C005E790B /* terremap.png */,
				81E5000E1AD7E4DA003E91B6 /* Background.jpg */,
				8197E1C41AF1929D0094D682 /* back.png */,
				8197E1C51AF1929D0094D682 /* next.png */,
				81C752C21AEFDAB40089834D /* jupiter.png */,
				81E5005C1AD8924B003E91B6 /* 1@2x.jpg */,
				81E5005D1AD8924B003E91B6 /* 2@2x.jpg */,
				81F3485F1AE7B6FA00B3F886 /* render.jpg */,
				81E5005E1AD8924B003E91B6 /* 3@2x.jpg */,
				81E5005F1AD8924B003E91B6 /* 4@2x.jpg */,
				81E500601AD8924B003E91B6 /* 5@2x.jpg */,
				81E500611AD8924B003E91B6 /* 6@2x.jpg */,
				81C2D7881AD91CF100FA1598 /* mercuremap.png */,
				81C2D7891AD91CF100FA1598 /* venusmap.png */,
				81C2D78A1AD91CF100FA1598 /* soleilmap.png */,
				81C2D78B1AD91CF100FA1598 /* saturnmap.png */,
				81C2D7801AD911EE00FA1598 /* uranusmap.png */,
				81C2D7941AD9230F00FA1598 /* plutonmap.png */,
				814820411AE880C400DB3FD6 /* marsmap.png */,
				81C2D79D1AD93A8900FA1598 /* earthmap.png */,
				81C2D7921AD9210500FA1598 /* jupitermap.png */,
				81C2D78C1AD91CF100FA1598 /* neptunemap.png */,
				81C2D7861AD9194600FA1598 /* moonmap.png */,
				81E500101AD7E4DA003E91B6 /* lune.png */,
				81E500111AD7E4DA003E91B6 /* mars.png */,
				81E500121AD7E4DA003E91B6 /* logoesprit.png */,
				81E500131AD7E4DA003E91B6 /* mercure.png */,
				81E500141AD7E4DA003E91B6 /* neptune.png */,
				81E500151AD7E4DA003E91B6 /* lightning23.png */,
				81E500161AD7E4DA003E91B6 /* pluton.png */,
				81E500171AD7E4DA003E91B6 /* saturne.png */,
				81E500181AD7E4DA003E91B6 /* soleil.png */,
				81E500191AD7E4DA003E91B6 /* uranus.png */,
				81E5001A1AD7E4DA003E91B6 /* venus.png */,
				81E5001B1AD7E4DA003E91B6 /* globe.png */,
			);
			name = Images;
			sourceTree = "<group>";
		};
		81E5007B1AD8951A003E91B6 /* Planet3d */ = {
			isa = PBXGroup;
			children = (
				81E500701AD89510003E91B6 /* OpenGLCommon.h */,
				81E500711AD89510003E91B6 /* ConstantsAndMacros.h */,
				81E500741AD89510003E91B6 /* GLView.h */,
				81E500751AD89510003E91B6 /* GLView.m */,
				81E500761AD89510003E91B6 /* GLViewController.h */,
				81E500771AD89510003E91B6 /* GLViewController.m */,
				81E5007C1AD89EE9003E91B6 /* Planet3dViewController.h */,
				81E5007D1AD89EE9003E91B6 /* Planet3dViewController.m */,
			);
			name = Planet3d;
			path = ..;
			sourceTree = "<group>";
		};
		81E5FFA41AD7E40E003E91B6 = {
			isa = PBXGroup;
			children = (
				81658C2A1AE0003D007880C6 /* SDWebImage */,
				81658C281ADFFE03007880C6 /* Default-568h@2x.png */,
				81E5005B1AD88EDC003E91B6 /* Framework */,
				81E5FFAF1AD7E40E003E91B6 /* Planet */,
				81E5FFC91AD7E40E003E91B6 /* PlanetTests */,
				81E5FFAE1AD7E40E003E91B6 /* Products */,
			);
			sourceTree = "<group>";
		};
		81E5FFAE1AD7E40E003E91B6 /* Products */ = {
			isa = PBXGroup;
			children = (
				81E5FFAD1AD7E40E003E91B6 /* Planet.app */,
				81E5FFC61AD7E40E003E91B6 /* PlanetTests.xctest */,
			);
			name = Products;
			sourceTree = "<group>";
		};
		81E5FFAF1AD7E40E003E91B6 /* Planet */ = {
			isa = PBXGroup;
			children = (
				81E5000B1AD7E4DA003E91B6 /* AboutViewController.h */,
				81E5000C1AD7E4DA003E91B6 /* AboutViewController.m */,
				81E5001C1AD7E4DA003E91B6 /* AppDelegate.h */,
				81E5001D1AD7E4DA003E91B6 /* AppDelegate.m */,
				81E5001E1AD7E4DA003E91B6 /* Main.storyboard */,
				81FBC95F1AE9CB16007987F4 /* iPhone4s.storyboard */,
				81EC07351AE70F8C0073391A /* iPhone6.storyboard */,
				81EC07331AE708DF0073391A /* iPhone6plus.storyboard */,
				81E5001F1AD7E4DA003E91B6 /* ViewController.h */,
				81E500201AD7E4DA003E91B6 /* ViewController.m */,
				81E5006F1AD893A3003E91B6 /* Images */,
				81E5007B1AD8951A003E91B6 /* Planet3d */,
				81E5006E1AD8935A003E91B6 /* ListePlanet */,
				81E500081AD7E4AC003E91B6 /* Position */,
				81E5FFF71AD7E48A003E91B6 /* RSS */,
				81E5FFDF1AD7E467003E91B6 /* BlurMenu */,
				81E5FFBD1AD7E40E003E91B6 /* Images.xcassets */,
				81E5FFBF1AD7E40E003E91B6 /* LaunchScreen.xib */,
				81E5FFB01AD7E40E003E91B6 /* Supporting Files */,
			);
			path = Planet;
			sourceTree = "<group>";
		};
		81E5FFB01AD7E40E003E91B6 /* Supporting Files */ = {
			isa = PBXGroup;
			children = (
				81E5FFB21AD7E40E003E91B6 /* main.m */,
				81E500351AD7E5BE003E91B6 /* Info.plist */,
			);
			name = "Supporting Files";
			sourceTree = "<group>";
		};
		81E5FFC91AD7E40E003E91B6 /* PlanetTests */ = {
			isa = PBXGroup;
			children = (
				81E5FFCC1AD7E40E003E91B6 /* PlanetTests.m */,
				81E5FFCA1AD7E40E003E91B6 /* Supporting Files */,
			);
			path = PlanetTests;
			sourceTree = "<group>";
		};
		81E5FFCA1AD7E40E003E91B6 /* Supporting Files */ = {
			isa = PBXGroup;
			children = (
				81E5FFCB1AD7E40E003E91B6 /* Info.plist */,
			);
			name = "Supporting Files";
			sourceTree = "<group>";
		};
		81E5FFDF1AD7E467003E91B6 /* BlurMenu */ = {
			isa = PBXGroup;
			children = (
				81E5FFD61AD7E45E003E91B6 /* UIImage+ImageEffects.h */,
				81E5FFD71AD7E45E003E91B6 /* UIImage+ImageEffects.m */,
				81E5FFD81AD7E45E003E91B6 /* BlurMenu.h */,
				81E5FFD91AD7E45E003E91B6 /* BlurMenu.m */,
				81E5FFDA1AD7E45E003E91B6 /* BlurMenuItemCell.h */,
				81E5FFDB1AD7E45E003E91B6 /* BlurMenuItemCell.m */,
			);
			name = BlurMenu;
			sourceTree = "<group>";
		};
		81E5FFF71AD7E48A003E91B6 /* RSS */ = {
			isa = PBXGroup;
			children = (
				81E5FFE01AD7E480003E91B6 /* GDataXMLNode.h */,
				81E5FFE11AD7E480003E91B6 /* GDataXMLNode.m */,
				81E5FFE21AD7E480003E91B6 /* RootViewController.h */,
				81E5FFE31AD7E480003E91B6 /* RootViewController.m */,
				81E5FFE61AD7E480003E91B6 /* DetailsViewController.h */,
				81E5FFE71AD7E480003E91B6 /* DetailsViewController.m */,
				81C2D7961AD9348600FA1598 /* TableHeaderView.h */,
				81C2D7971AD9348600FA1598 /* TableHeaderView.m */,
				81E5FFE81AD7E480003E91B6 /* RSSLoader.h */,
				81E5FFE91AD7E480003E91B6 /* RSSLoader.m */,
				81E5FFED1AD7E480003E91B6 /* arss_header.png */,
				81E5FFEE1AD7E480003E91B6 /* arss_back.png */,
			);
			name = RSS;
			sourceTree = "<group>";
		};
/* End PBXGroup section */

/* Begin PBXNativeTarget section */
		81E5FFAC1AD7E40E003E91B6 /* Planet */ = {
			isa = PBXNativeTarget;
			buildConfigurationList = 81E5FFD01AD7E40E003E91B6 /* Build configuration list for PBXNativeTarget "Planet" */;
			buildPhases = (
				81E5FFA91AD7E40E003E91B6 /* Sources */,
				81E5FFAA1AD7E40E003E91B6 /* Frameworks */,
				81E5FFAB1AD7E40E003E91B6 /* Resources */,
			);
			buildRules = (
			);
			dependencies = (
			);
			name = Planet;
			productName = Planet;
			productReference = 81E5FFAD1AD7E40E003E91B6 /* Planet.app */;
			productType = "com.apple.product-type.application";
		};
		81E5FFC51AD7E40E003E91B6 /* PlanetTests */ = {
			isa = PBXNativeTarget;
			buildConfigurationList = 81E5FFD31AD7E40E003E91B6 /* Build configuration list for PBXNativeTarget "PlanetTests" */;
			buildPhases = (
				81E5FFC21AD7E40E003E91B6 /* Sources */,
				81E5FFC31AD7E40E003E91B6 /* Frameworks */,
				81E5FFC41AD7E40E003E91B6 /* Resources */,
			);
			buildRules = (
			);
			dependencies = (
				81E5FFC81AD7E40E003E91B6 /* PBXTargetDependency */,
			);
			name = PlanetTests;
			productName = PlanetTests;
			productReference = 81E5FFC61AD7E40E003E91B6 /* PlanetTests.xctest */;
			productType = "com.apple.product-type.bundle.unit-test";
		};
/* End PBXNativeTarget section */

/* Begin PBXProject section */
		81E5FFA51AD7E40E003E91B6 /* Project object */ = {
			isa = PBXProject;
			attributes = {
				LastUpgradeCheck = 0630;
				TargetAttributes = {
					81E5FFAC1AD7E40E003E91B6 = {
						CreatedOnToolsVersion = 6.3;
						DevelopmentTeam = 25ZC48M55X;
						ProvisioningStyle = Automatic;
					};
					81E5FFC51AD7E40E003E91B6 = {
						CreatedOnToolsVersion = 6.3;
						DevelopmentTeam = 25ZC48M55X;
						TestTargetID = 81E5FFAC1AD7E40E003E91B6;
					};
				};
			};
			buildConfigurationList = 81E5FFA81AD7E40E003E91B6 /* Build configuration list for PBXProject "Planet" */;
			compatibilityVersion = "Xcode 3.2";
			developmentRegion = English;
			hasScannedForEncodings = 0;
			knownRegions = (
				en,
				Base,
			);
			mainGroup = 81E5FFA41AD7E40E003E91B6;
			productRefGroup = 81E5FFAE1AD7E40E003E91B6 /* Products */;
			projectDirPath = "";
			projectRoot = "";
			targets = (
				81E5FFAC1AD7E40E003E91B6 /* Planet */,
				81E5FFC51AD7E40E003E91B6 /* PlanetTests */,
			);
		};
/* End PBXProject section */

/* Begin PBXResourcesBuildPhase section */
		81E5FFAB1AD7E40E003E91B6 /* Resources */ = {
			isa = PBXResourcesBuildPhase;
			buildActionMask = 2147483647;
			files = (
				81C2D78E1AD91CF100FA1598 /* venusmap.png in Resources */,
				81E500621AD8924B003E91B6 /* 1@2x.jpg in Resources */,
				81C2D7911AD91CF100FA1598 /* neptunemap.png in Resources */,
				81E500281AD7E4DA003E91B6 /* logoesprit.png in Resources */,
				81E500261AD7E4DA003E91B6 /* lune.png in Resources */,
				81C2D78F1AD91CF100FA1598 /* soleilmap.png in Resources */,
				81E500331AD7E4DA003E91B6 /* Main.storyboard in Resources */,
				814820431AE880C400DB3FD6 /* marsmap.png in Resources */,
				81C2D7951AD9230F00FA1598 /* plutonmap.png in Resources */,
				81E500301AD7E4DA003E91B6 /* venus.png in Resources */,
				81E500671AD8924B003E91B6 /* 6@2x.jpg in Resources */,
				8197E1C61AF1929D0094D682 /* back.png in Resources */,
				81C752C31AEFDAB40089834D /* jupiter.png in Resources */,
				81EC07361AE70F8C0073391A /* iPhone6.storyboard in Resources */,
				81E500651AD8924B003E91B6 /* 4@2x.jpg in Resources */,
				81E5002A1AD7E4DA003E91B6 /* neptune.png in Resources */,
				81C2D78D1AD91CF100FA1598 /* mercuremap.png in Resources */,
				81FBC9601AE9CB16007987F4 /* iPhone4s.storyboard in Resources */,
				81F348601AE7B6FA00B3F886 /* render.jpg in Resources */,
				8197E1C71AF1929D0094D682 /* next.png in Resources */,
				81C2D7901AD91CF100FA1598 /* saturnmap.png in Resources */,
				81E500291AD7E4DA003E91B6 /* mercure.png in Resources */,
				81C2D7871AD9194600FA1598 /* moonmap.png in Resources */,
				81E500631AD8924B003E91B6 /* 2@2x.jpg in Resources */,
				81E500641AD8924B003E91B6 /* 3@2x.jpg in Resources */,
				81E5FFF61AD7E480003E91B6 /* arss_back.png in Resources */,
				81E5FFC11AD7E40E003E91B6 /* LaunchScreen.xib in Resources */,
				81E5002B1AD7E4DA003E91B6 /* lightning23.png in Resources */,
				81E265381B01806C005E790B /* terremap.png in Resources */,
				81E500241AD7E4DA003E91B6 /* Background.jpg in Resources */,
				81E5002D1AD7E4DA003E91B6 /* saturne.png in Resources */,
				81E5FFBE1AD7E40E003E91B6 /* Images.xcassets in Resources */,
				81E500661AD8924B003E91B6 /* 5@2x.jpg in Resources */,
				81C2D79F1AD93A8900FA1598 /* earthmap.png in Resources */,
				81E500311AD7E4DA003E91B6 /* globe.png in Resources */,
				81E5FFF51AD7E480003E91B6 /* arss_header.png in Resources */,
				81E5002E1AD7E4DA003E91B6 /* soleil.png in Resources */,
				81E5002F1AD7E4DA003E91B6 /* uranus.png in Resources */,
				81E500271AD7E4DA003E91B6 /* mars.png in Resources */,
				81658C291ADFFE03007880C6 /* Default-568h@2x.png in Resources */,
				81EC07341AE708DF0073391A /* iPhone6plus.storyboard in Resources */,
				81C2D7811AD911EE00FA1598 /* uranusmap.png in Resources */,
				81C2D7931AD9210500FA1598 /* jupitermap.png in Resources */,
				81E5002C1AD7E4DA003E91B6 /* pluton.png in Resources */,
			);
			runOnlyForDeploymentPostprocessing = 0;
		};
		81E5FFC41AD7E40E003E91B6 /* Resources */ = {
			isa = PBXResourcesBuildPhase;
			buildActionMask = 2147483647;
			files = (
			);
			runOnlyForDeploymentPostprocessing = 0;
		};
/* End PBXResourcesBuildPhase section */

/* Begin PBXSourcesBuildPhase section */
		81E5FFA91AD7E40E003E91B6 /* Sources */ = {
			isa = PBXSourcesBuildPhase;
			buildActionMask = 2147483647;
			files = (
				81658C501AE0003D007880C6 /* SDWebImageDecoder.m in Sources */,
				81E500341AD7E4DA003E91B6 /* ViewController.m in Sources */,
				81658C4C1AE0003D007880C6 /* MKAnnotationView+WebCache.m in Sources */,
				81E500791AD89510003E91B6 /* GLView.m in Sources */,
				81FBC95B1AE9B655007987F4 /* secondViewController.m in Sources */,
				81A8F07B1AE46E52003AB859 /* ARView.m in Sources */,
				81E5FFDC1AD7E45E003E91B6 /* UIImage+ImageEffects.m in Sources */,
				81E5FFB31AD7E40E003E91B6 /* main.m in Sources */,
				81658C4F1AE0003D007880C6 /* SDWebImageCompat.m in Sources */,
				81658C4E1AE0003D007880C6 /* SDImageCache.m in Sources */,
				81658C571AE0003D007880C6 /* UIImage+MultiFormat.m in Sources */,
				81658C561AE0003D007880C6 /* UIImage+GIF.m in Sources */,
				81658C511AE0003D007880C6 /* SDWebImageDownloader.m in Sources */,
				81A8F07C1AE46E52003AB859 /* PlaceOfInterest.m in Sources */,
				81FBC95C1AE9B655007987F4 /* ListPlanetViewController.m in Sources */,
				81658C5A1AE0003D007880C6 /* UIImageView+WebCache.m in Sources */,
				81658C551AE0003D007880C6 /* UIButton+WebCache.m in Sources */,
				81A8F07D1AE46E52003AB859 /* pARkViewController.m in Sources */,
				81E5FFF01AD7E480003E91B6 /* RootViewController.m in Sources */,
				81C2D7981AD9348600FA1598 /* TableHeaderView.m in Sources */,
				81E5007E1AD89EE9003E91B6 /* Planet3dViewController.m in Sources */,
				81E5FFF31AD7E480003E91B6 /* RSSLoader.m in Sources */,
				81E5007A1AD89510003E91B6 /* GLViewController.m in Sources */,
				81658C521AE0003D007880C6 /* SDWebImageDownloaderOperation.m in Sources */,
				81E5FFEF1AD7E480003E91B6 /* GDataXMLNode.m in Sources */,
				81E500221AD7E4DA003E91B6 /* AboutViewController.m in Sources */,
				81658C541AE0003D007880C6 /* SDWebImagePrefetcher.m in Sources */,
				81658C581AE0003D007880C6 /* UIImage+WebP.m in Sources */,
				81658C531AE0003D007880C6 /* SDWebImageManager.m in Sources */,
				81658C4D1AE0003D007880C6 /* NSData+ImageContentType.m in Sources */,
				81E5FFDE1AD7E45E003E91B6 /* BlurMenuItemCell.m in Sources */,
				81E5FFDD1AD7E45E003E91B6 /* BlurMenu.m in Sources */,
				81E500321AD7E4DA003E91B6 /* AppDelegate.m in Sources */,
				81658C5B1AE0003D007880C6 /* UIView+WebCacheOperation.m in Sources */,
				81658C591AE0003D007880C6 /* UIImageView+HighlightedWebCache.m in Sources */,
				81E5FFF21AD7E480003E91B6 /* DetailsViewController.m in Sources */,
			);
			runOnlyForDeploymentPostprocessing = 0;
		};
		81E5FFC21AD7E40E003E91B6 /* Sources */ = {
			isa = PBXSourcesBuildPhase;
			buildActionMask = 2147483647;
			files = (
				81E5FFCD1AD7E40E003E91B6 /* PlanetTests.m in Sources */,
			);
			runOnlyForDeploymentPostprocessing = 0;
		};
/* End PBXSourcesBuildPhase section */

/* Begin PBXTargetDependency section */
		81E5FFC81AD7E40E003E91B6 /* PBXTargetDependency */ = {
			isa = PBXTargetDependency;
			target = 81E5FFAC1AD7E40E003E91B6 /* Planet */;
			targetProxy = 81E5FFC71AD7E40E003E91B6 /* PBXContainerItemProxy */;
		};
/* End PBXTargetDependency section */

/* Begin PBXVariantGroup section */
		81E5FFBF1AD7E40E003E91B6 /* LaunchScreen.xib */ = {
			isa = PBXVariantGroup;
			children = (
				81E5FFC01AD7E40E003E91B6 /* Base */,
			);
			name = LaunchScreen.xib;
			sourceTree = "<group>";
		};
/* End PBXVariantGroup section */

/* Begin XCBuildConfiguration section */
		81E5FFCE1AD7E40E003E91B6 /* Debug */ = {
			isa = XCBuildConfiguration;
			buildSettings = {
				ALWAYS_SEARCH_USER_PATHS = NO;
				CLANG_CXX_LANGUAGE_STANDARD = "gnu++0x";
				CLANG_CXX_LIBRARY = "libc++";
				CLANG_ENABLE_MODULES = YES;
				CLANG_ENABLE_OBJC_ARC = YES;
				CLANG_WARN_BOOL_CONVERSION = YES;
				CLANG_WARN_CONSTANT_CONVERSION = YES;
				CLANG_WARN_DIRECT_OBJC_ISA_USAGE = YES_ERROR;
				CLANG_WARN_EMPTY_BODY = YES;
				CLANG_WARN_ENUM_CONVERSION = YES;
				CLANG_WARN_INT_CONVERSION = YES;
				CLANG_WARN_OBJC_ROOT_CLASS = YES_ERROR;
				CLANG_WARN_UNREACHABLE_CODE = YES;
				CLANG_WARN__DUPLICATE_METHOD_MATCH = YES;
				"CODE_SIGN_IDENTITY[sdk=iphoneos*]" = "iPhone Developer";
				COPY_PHASE_STRIP = NO;
				DEBUG_INFORMATION_FORMAT = "dwarf-with-dsym";
				ENABLE_STRICT_OBJC_MSGSEND = YES;
				GCC_C_LANGUAGE_STANDARD = gnu99;
				GCC_DYNAMIC_NO_PIC = NO;
				GCC_NO_COMMON_BLOCKS = YES;
				GCC_OPTIMIZATION_LEVEL = 0;
				GCC_PREPROCESSOR_DEFINITIONS = (
					"DEBUG=1",
					"$(inherited)",
				);
				GCC_SYMBOLS_PRIVATE_EXTERN = NO;
				GCC_WARN_64_TO_32_BIT_CONVERSION = YES;
				GCC_WARN_ABOUT_RETURN_TYPE = YES_ERROR;
				GCC_WARN_UNDECLARED_SELECTOR = YES;
				GCC_WARN_UNINITIALIZED_AUTOS = YES_AGGRESSIVE;
				GCC_WARN_UNUSED_FUNCTION = YES;
				GCC_WARN_UNUSED_VARIABLE = YES;
				IPHONEOS_DEPLOYMENT_TARGET = 8.1;
				MTL_ENABLE_DEBUG_INFO = YES;
				ONLY_ACTIVE_ARCH = YES;
				SDKROOT = iphoneos;
			};
			name = Debug;
		};
		81E5FFCF1AD7E40E003E91B6 /* Release */ = {
			isa = XCBuildConfiguration;
			buildSettings = {
				ALWAYS_SEARCH_USER_PATHS = NO;
				CLANG_CXX_LANGUAGE_STANDARD = "gnu++0x";
				CLANG_CXX_LIBRARY = "libc++";
				CLANG_ENABLE_MODULES = YES;
				CLANG_ENABLE_OBJC_ARC = YES;
				CLANG_WARN_BOOL_CONVERSION = YES;
				CLANG_WARN_CONSTANT_CONVERSION = YES;
				CLANG_WARN_DIRECT_OBJC_ISA_USAGE = YES_ERROR;
				CLANG_WARN_EMPTY_BODY = YES;
				CLANG_WARN_ENUM_CONVERSION = YES;
				CLANG_WARN_INT_CONVERSION = YES;
				CLANG_WARN_OBJC_ROOT_CLASS = YES_ERROR;
				CLANG_WARN_UNREACHABLE_CODE = YES;
				CLANG_WARN__DUPLICATE_METHOD_MATCH = YES;
				"CODE_SIGN_IDENTITY[sdk=iphoneos*]" = "iPhone Developer";
				COPY_PHASE_STRIP = NO;
				DEBUG_INFORMATION_FORMAT = "dwarf-with-dsym";
				ENABLE_NS_ASSERTIONS = NO;
				ENABLE_STRICT_OBJC_MSGSEND = YES;
				GCC_C_LANGUAGE_STANDARD = gnu99;
				GCC_NO_COMMON_BLOCKS = YES;
				GCC_WARN_64_TO_32_BIT_CONVERSION = YES;
				GCC_WARN_ABOUT_RETURN_TYPE = YES_ERROR;
				GCC_WARN_UNDECLARED_SELECTOR = YES;
				GCC_WARN_UNINITIALIZED_AUTOS = YES_AGGRESSIVE;
				GCC_WARN_UNUSED_FUNCTION = YES;
				GCC_WARN_UNUSED_VARIABLE = YES;
				IPHONEOS_DEPLOYMENT_TARGET = 8.1;
				MTL_ENABLE_DEBUG_INFO = NO;
				SDKROOT = iphoneos;
				VALIDATE_PRODUCT = YES;
			};
			name = Release;
		};
		81E5FFD11AD7E40E003E91B6 /* Debug */ = {
			isa = XCBuildConfiguration;
			buildSettings = {
				ARCHS = "$(ARCHS_STANDARD_32_BIT)";
				ASSETCATALOG_COMPILER_APPICON_NAME = AppIcon;
				CLANG_CXX_LIBRARY = "libc++";
				CLANG_ENABLE_OBJC_ARC = YES;
				CODE_SIGN_IDENTITY = "iPhone Developer";
				"CODE_SIGN_IDENTITY[sdk=iphoneos*]" = "iPhone Developer";
				DEVELOPMENT_TEAM = 25ZC48M55X;
				HEADER_SEARCH_PATHS = (
					"$(inherited)",
					/Applications/Xcode.app/Contents/Developer/Toolchains/XcodeDefault.xctoolchain/usr/include,
					/usr/include/libxml2,
				);
				INFOPLIST_FILE = Planet/Info.plist;
				IPHONEOS_DEPLOYMENT_TARGET = 9.3;
				LD_RUNPATH_SEARCH_PATHS = "$(inherited) @executable_path/Frameworks";
				LIBRARY_SEARCH_PATHS = (
					"$(inherited)",
					"$(PROJECT_DIR)/Planet",
					"$(SRCROOT)",
					"$(PROJECT_DIR)",
					/usr/include/libxml2,
				);
				ONLY_ACTIVE_ARCH = NO;
				OTHER_CFLAGS = "";
				OTHER_LDFLAGS = (
					"-weak_framework",
					CoreMotion,
					"-weak-lSystem",
					"-lxml2",
				);
				PRODUCT_BUNDLE_IDENTIFIER = walid.baya.planet;
				PRODUCT_NAME = "$(TARGET_NAME)";
				PROVISIONING_PROFILE = "";
				PROVISIONING_PROFILE_SPECIFIER = "";
				VALID_ARCHS = "arm64 armv7 armv7s";
			};
			name = Debug;
		};
		81E5FFD21AD7E40E003E91B6 /* Release */ = {
			isa = XCBuildConfiguration;
			buildSettings = {
				ARCHS = "$(ARCHS_STANDARD_32_BIT)";
				ASSETCATALOG_COMPILER_APPICON_NAME = AppIcon;
				CLANG_CXX_LIBRARY = "libc++";
				CLANG_ENABLE_OBJC_ARC = YES;
				CODE_SIGN_IDENTITY = "iPhone Developer";
				"CODE_SIGN_IDENTITY[sdk=iphoneos*]" = "iPhone Developer";
				COPY_PHASE_STRIP = YES;
				DEVELOPMENT_TEAM = 25ZC48M55X;
				HEADER_SEARCH_PATHS = (
					"$(inherited)",
					/Applications/Xcode.app/Contents/Developer/Toolchains/XcodeDefault.xctoolchain/usr/include,
					/usr/include/libxml2,
				);
				INFOPLIST_FILE = Planet/Info.plist;
				IPHONEOS_DEPLOYMENT_TARGET = 9.3;
				LD_RUNPATH_SEARCH_PATHS = "$(inherited) @executable_path/Frameworks";
				LIBRARY_SEARCH_PATHS = (
					"$(inherited)",
					"$(PROJECT_DIR)/Planet",
					"$(SRCROOT)",
					"$(PROJECT_DIR)",
					/usr/include/libxml2,
				);
				ONLY_ACTIVE_ARCH = NO;
				OTHER_CFLAGS = "";
				OTHER_LDFLAGS = (
					"-weak_framework",
					CoreMotion,
					"-weak-lSystem",
					"-lxml2",
				);
				PRODUCT_BUNDLE_IDENTIFIER = walid.baya.planet;
				PRODUCT_NAME = "$(TARGET_NAME)";
				PROVISIONING_PROFILE = "";
				PROVISIONING_PROFILE_SPECIFIER = "";
				VALID_ARCHS = "arm64 armv7 armv7s";
			};
			name = Release;
		};
		81E5FFD41AD7E40E003E91B6 /* Debug */ = {
			isa = XCBuildConfiguration;
			buildSettings = {
				BUNDLE_LOADER = "$(TEST_HOST)";
				DEVELOPMENT_TEAM = 25ZC48M55X;
				FRAMEWORK_SEARCH_PATHS = (
					"$(SDKROOT)/Developer/Library/Frameworks",
					"$(inherited)",
				);
				GCC_PREPROCESSOR_DEFINITIONS = (
					"DEBUG=1",
					"$(inherited)",
				);
				INFOPLIST_FILE = PlanetTests/Info.plist;
				LD_RUNPATH_SEARCH_PATHS = "$(inherited) @executable_path/Frameworks @loader_path/Frameworks";
				PRODUCT_NAME = "$(TARGET_NAME)";
				TEST_HOST = "$(BUILT_PRODUCTS_DIR)/Planet.app/Planet";
			};
			name = Debug;
		};
		81E5FFD51AD7E40E003E91B6 /* Release */ = {
			isa = XCBuildConfiguration;
			buildSettings = {
				BUNDLE_LOADER = "$(TEST_HOST)";
				DEVELOPMENT_TEAM = 25ZC48M55X;
				FRAMEWORK_SEARCH_PATHS = (
					"$(SDKROOT)/Developer/Library/Frameworks",
					"$(inherited)",
				);
				INFOPLIST_FILE = PlanetTests/Info.plist;
				LD_RUNPATH_SEARCH_PATHS = "$(inherited) @executable_path/Frameworks @loader_path/Frameworks";
				PRODUCT_NAME = "$(TARGET_NAME)";
				TEST_HOST = "$(BUILT_PRODUCTS_DIR)/Planet.app/Planet";
			};
			name = Release;
		};
/* End XCBuildConfiguration section */

/* Begin XCConfigurationList section */
		81E5FFA81AD7E40E003E91B6 /* Build configuration list for PBXProject "Planet" */ = {
			isa = XCConfigurationList;
			buildConfigurations = (
				81E5FFCE1AD7E40E003E91B6 /* Debug */,
				81E5FFCF1AD7E40E003E91B6 /* Release */,
			);
			defaultConfigurationIsVisible = 0;
			defaultConfigurationName = Release;
		};
		81E5FFD01AD7E40E003E91B6 /* Build configuration list for PBXNativeTarget "Planet" */ = {
			isa = XCConfigurationList;
			buildConfigurations = (
				81E5FFD11AD7E40E003E91B6 /* Debug */,
				81E5FFD21AD7E40E003E91B6 /* Release */,
			);
			defaultConfigurationIsVisible = 0;
			defaultConfigurationName = Release;
		};
		81E5FFD31AD7E40E003E91B6 /* Build configuration list for PBXNativeTarget "PlanetTests" */ = {
			isa = XCConfigurationList;
			buildConfigurations = (
				81E5FFD41AD7E40E003E91B6 /* Debug */,
				81E5FFD51AD7E40E003E91B6 /* Release */,
			);
			defaultConfigurationIsVisible = 0;
			defaultConfigurationName = Release;
		};
/* End XCConfigurationList section */
	};
	rootObject = 81E5FFA51AD7E40E003E91B6 /* Project object */;
}
